{
  "name": "@paragraphcms/client",
  "version": "3.0.0",
  "lockfileVersion": 3,
  "requires": true,
  "packages": {
    "": {
      "name": "@paragraphcms/client",
      "version": "3.0.0",
      "license": "MIT",
      "dependencies": {
        "bottleneck": "^2.19.5",
        "ky": "^2.0.2"
      },
      "devDependencies": {
        "typescript": "^5.9.3"
      },
      "engines": {
        "node": ">=18"
      }
    },
    "node_modules/bottleneck": {
      "version": "2.19.5",
      "resolved": "https://registry.npmjs.org/bottleneck/-/bottleneck-2.19.5.tgz",
      "integrity": "sha512-VHiNCbI1lKdl44tGrhNfU3lup0Tj/ZBMJB5/2ZbNXRCPuRCO7ed2mgcK4r17y+KB2EfuYuRaVlwNbAeaWGSpbw==",
      "license": "MIT"
    },
    "node_modules/ky": {
      "version": "2.0.2",
      "resolved": "https://registry.npmjs.org/ky/-/ky-2.0.2.tgz",
      "integrity": "sha512-/GmXpo9F9W+f8n4Ivr2iH+7h7wL7jLbLKWkMlpflcCRb6kGjBfTlASEXaZ9qUgNTn4VgS0P2pwxxzQ4EM6Ulgg==",
      "license": "MIT",
      "engines": {
        "node": ">=22"
      },
      "funding": {
        "url": "https://github.com/sindresorhus/ky?sponsor=1"
      }
    },
    "node_modules/typescript": {
      "version": "5.9.3",
      "resolved": "https://registry.npmjs.org/typescript/-/typescript-5.9.3.tgz",
      "integrity": "sha512-jl1vZzPDinLr9eUt3J/t7V6FgNEw9QjvBPdysz9KfQDD41fQrC2Y4vKQdiaUpFT4bXlb1RHhLpp8wtm6M5TgSw==",
      "dev": true,
      "license": "Apache-2.0",
      "bin": {
        "tsc": "bin/tsc",
        "tsserver": "bin/tsserver"
      },
      "engines": {
        "node": ">=14.17"
      }
    }
  }
}
